{
    "name": "bulario",
    "version": "1.0.4",
    "lockfileVersion": 2,
    "requires": true,
    "packages": {
        "": {
            "name": "bulario",
            "version": "1.0.4",
            "license": "MIT",
            "dependencies": {
                "https": "^1.0.0",
                "node-fetch": "^2.6.1"
            }
        },
        "node_modules/https": {
            "version": "1.0.0",
            "resolved": "https://registry.npmjs.org/https/-/https-1.0.0.tgz",
            "integrity": "sha1-PDfHrhqO65ZpBKKtHpdaGUt+06Q="
        },
        "node_modules/node-fetch": {
            "version": "2.6.1",
            "resolved": "https://registry.npmjs.org/node-fetch/-/node-fetch-2.6.1.tgz",
            "integrity": "sha512-V4aYg89jEoVRxRb2fJdAg8FHvI7cEyYdVAh94HH0UIK8oJxUfkjlDQN9RbMx+bEjP7+ggMiFRprSti032Oipxw==",
            "engines": {
                "node": "4.x || >=6.0.0"
            }
        }
    },
    "dependencies": {
        "https": {
            "version": "1.0.0",
            "resolved": "https://registry.npmjs.org/https/-/https-1.0.0.tgz",
            "integrity": "sha1-PDfHrhqO65ZpBKKtHpdaGUt+06Q="
        },
        "node-fetch": {
            "version": "2.6.1",
            "resolved": "https://registry.npmjs.org/node-fetch/-/node-fetch-2.6.1.tgz",
            "integrity": "sha512-V4aYg89jEoVRxRb2fJdAg8FHvI7cEyYdVAh94HH0UIK8oJxUfkjlDQN9RbMx+bEjP7+ggMiFRprSti032Oipxw=="
        }
    }
}
